
Microsoft Visual Studio Solution File, Format Version 12.00
# Visual Studio 15
VisualStudioVersion = 15.0.28307.168
MinimumVisualStudioVersion = 10.0.40219.1
Project("{FAE04EC0-301F-11D3-BF4B-00C04F79EFBC}") = "dz4ka", "dz4ka\dz4ka.csproj", "{26CC702B-032B-4E36-9D22-831B6B106B67}"
EndProject
Project("{FAE04EC0-301F-11D3-BF4B-00C04F79EFBC}") = "dz5", "dz5\dz5.csproj", "{23EB1965-ADC1-4C03-8F68-4FAE7CCD1CAC}"
EndProject
Global
	GlobalSection(SolutionConfigurationPlatforms) = preSolution
		Debug|Any CPU = Debug|Any CPU
		Release|Any CPU = Release|Any CPU
	EndGlobalSection
	GlobalSection(ProjectConfigurationPlatforms) = postSolution
		{26CC702B-032B-4E36-9D22-831B6B106B67}.Debug|Any CPU.ActiveCfg = Debug|Any CPU
		{26CC702B-032B-4E36-9D22-831B6B106B67}.Debug|Any CPU.Build.0 = Debug|Any CPU
		{26CC702B-032B-4E36-9D22-831B6B106B67}.Release|Any CPU.ActiveCfg = Release|Any CPU
		{26CC702B-032B-4E36-9D22-831B6B106B67}.Release|Any CPU.Build.0 = Release|Any CPU
		{23EB1965-ADC1-4C03-8F68-4FAE7CCD1CAC}.Debug|Any CPU.ActiveCfg = Debug|Any CPU
		{23EB1965-ADC1-4C03-8F68-4FAE7CCD1CAC}.Debug|Any CPU.Build.0 = Debug|Any CPU
		{23EB1965-ADC1-4C03-8F68-4FAE7CCD1CAC}.Release|Any CPU.ActiveCfg = Release|Any CPU
		{23EB1965-ADC1-4C03-8F68-4FAE7CCD1CAC}.Release|Any CPU.Build.0 = Release|Any CPU
	EndGlobalSection
	GlobalSection(SolutionProperties) = preSolution
		HideSolutionNode = FALSE
	EndGlobalSection
	GlobalSection(ExtensibilityGlobals) = postSolution
		SolutionGuid = {6D9722CB-0456-444A-93C1-7DDC0EDD9A6C}
	EndGlobalSection
EndGlobal
